
Microsoft Visual Studio Solution File, Format Version 12.00
# Visual Studio Version 16
VisualStudioVersion = 16.0.30711.63
MinimumVisualStudioVersion = 10.0.40219.1
Project("{8BC9CEB8-8B4A-11D0-8D11-00A0C91BC942}") = "testStereoHaptic", "KNAVETest.vcxproj", "{E32325DA-7461-4821-922B-7879034DA11F}"
EndProject
Global
	GlobalSection(SolutionConfigurationPlatforms) = preSolution
		Debug|Win32 = Debug|Win32
		Debug|x64 = Debug|x64
		Release|Win32 = Release|Win32
		Release|x64 = Release|x64
	EndGlobalSection
	GlobalSection(ProjectConfigurationPlatforms) = postSolution
		{E32325DA-7461-4821-922B-7879034DA11F}.Debug|Win32.ActiveCfg = Debug|Win32
		{E32325DA-7461-4821-922B-7879034DA11F}.Debug|Win32.Build.0 = Debug|Win32
		{E32325DA-7461-4821-922B-7879034DA11F}.Debug|x64.ActiveCfg = Debug|x64
		{E32325DA-7461-4821-922B-7879034DA11F}.Debug|x64.Build.0 = Debug|x64
		{E32325DA-7461-4821-922B-7879034DA11F}.Release|Win32.ActiveCfg = Release|Win32
		{E32325DA-7461-4821-922B-7879034DA11F}.Release|Win32.Build.0 = Release|Win32
		{E32325DA-7461-4821-922B-7879034DA11F}.Release|x64.ActiveCfg = Release|x64
		{E32325DA-7461-4821-922B-7879034DA11F}.Release|x64.Build.0 = Release|x64
	EndGlobalSection
	GlobalSection(SolutionProperties) = preSolution
		HideSolutionNode = FALSE
	EndGlobalSection
	GlobalSection(ExtensibilityGlobals) = postSolution
		SolutionGuid = {95C9F3AC-32A8-43C8-9F43-E764B1652C22}
	EndGlobalSection
EndGlobal
